{
  "pins" : [
    {
      "identity" : "swift-sysctl",
      "kind" : "remoteSourceControl",
      "location" : "https://github.com/sersoft-gmbh/swift-sysctl.git",
      "state" : {
        "revision" : "c02a0e2cdf36fc057a6a219217a3bcd834772a98",
        "version" : "1.4.0"
      }
    }
  ],
  "version" : 2
}
