{
  "originHash" : "14dfa4da1cdde8d3936141f5335facf0ce6a51a4d8d9eb647ee6a6d2ac10cb29",
  "pins" : [
    {
      "identity" : "swift-docc-plugin",
      "kind" : "remoteSourceControl",
      "location" : "https://github.com/apple/swift-docc-plugin",
      "state" : {
        "revision" : "3e4f133a77e644a5812911a0513aeb7288b07d06",
        "version" : "1.4.5"
      }
    },
    {
      "identity" : "swift-docc-symbolkit",
      "kind" : "remoteSourceControl",
      "location" : "https://github.com/swiftlang/swift-docc-symbolkit",
      "state" : {
        "revision" : "b45d1f2ed151d057b54504d653e0da5552844e34",
        "version" : "1.0.0"
      }
    },
    {
      "identity" : "swift-sysctl",
      "kind" : "remoteSourceControl",
      "location" : "https://github.com/sersoft-gmbh/swift-sysctl",
      "state" : {
        "revision" : "0ef1afca942d5467837d9bd5f497e27eb252315d",
        "version" : "1.10.0"
      }
    }
  ],
  "version" : 3
}
