{
  "pins" : [
    {
      "identity" : "swift-sysctl",
      "kind" : "remoteSourceControl",
      "location" : "https://github.com/sersoft-gmbh/swift-sysctl.git",
      "state" : {
        "revision" : "e5eff5de7f3bbeab8f210431e83ccbd4e3ff967a",
        "version" : "1.5.0"
      }
    }
  ],
  "version" : 2
}
